
Microsoft Visual Studio Solution File, Format Version 12.00
# Visual Studio Version 16
VisualStudioVersion = 16.0.31205.134
MinimumVisualStudioVersion = 10.0.40219.1
Project("{FAE04EC0-301F-11D3-BF4B-00C04F79EFBC}") = "AutoFacCourse", "AutoFacCourse.csproj", "{7C50645B-93BB-40D3-AABC-2A7E554AA554}"
EndProject
Global
	GlobalSection(SolutionConfigurationPlatforms) = preSolution
		Debug|Any CPU = Debug|Any CPU
		Release|Any CPU = Release|Any CPU
	EndGlobalSection
	GlobalSection(ProjectConfigurationPlatforms) = postSolution
		{7C50645B-93BB-40D3-AABC-2A7E554AA554}.Debug|Any CPU.ActiveCfg = Debug|Any CPU
		{7C50645B-93BB-40D3-AABC-2A7E554AA554}.Debug|Any CPU.Build.0 = Debug|Any CPU
		{7C50645B-93BB-40D3-AABC-2A7E554AA554}.Release|Any CPU.ActiveCfg = Release|Any CPU
		{7C50645B-93BB-40D3-AABC-2A7E554AA554}.Release|Any CPU.Build.0 = Release|Any CPU
	EndGlobalSection
	GlobalSection(SolutionProperties) = preSolution
		HideSolutionNode = FALSE
	EndGlobalSection
	GlobalSection(ExtensibilityGlobals) = postSolution
		SolutionGuid = {5E8CB6DB-115A-4C1D-BD5B-0407BF457219}
	EndGlobalSection
EndGlobal
